
Microsoft Visual Studio Solution File, Format Version 12.00
# Visual Studio Version 16
VisualStudioVersion = 16.0.31729.503
MinimumVisualStudioVersion = 10.0.40219.1
Project("{FAE04EC0-301F-11D3-BF4B-00C04F79EFBC}") = "Backend Exercise Tikal", "Backend Exercise Tikal\Backend Exercise Tikal.csproj", "{BC2DB6DC-6071-4434-9D43-37154E7066CC}"
EndProject
Project("{FAE04EC0-301F-11D3-BF4B-00C04F79EFBC}") = "MessageServiceUnitTest", "MessageServiceUnitTest\MessageServiceUnitTest.csproj", "{F6A216F8-66D7-4D54-A069-2D18EEC988DF}"
EndProject
Global
	GlobalSection(SolutionConfigurationPlatforms) = preSolution
		Debug|Any CPU = Debug|Any CPU
		Release|Any CPU = Release|Any CPU
	EndGlobalSection
	GlobalSection(ProjectConfigurationPlatforms) = postSolution
		{BC2DB6DC-6071-4434-9D43-37154E7066CC}.Debug|Any CPU.ActiveCfg = Debug|Any CPU
		{BC2DB6DC-6071-4434-9D43-37154E7066CC}.Debug|Any CPU.Build.0 = Debug|Any CPU
		{BC2DB6DC-6071-4434-9D43-37154E7066CC}.Release|Any CPU.ActiveCfg = Release|Any CPU
		{BC2DB6DC-6071-4434-9D43-37154E7066CC}.Release|Any CPU.Build.0 = Release|Any CPU
		{F6A216F8-66D7-4D54-A069-2D18EEC988DF}.Debug|Any CPU.ActiveCfg = Debug|Any CPU
		{F6A216F8-66D7-4D54-A069-2D18EEC988DF}.Debug|Any CPU.Build.0 = Debug|Any CPU
		{F6A216F8-66D7-4D54-A069-2D18EEC988DF}.Release|Any CPU.ActiveCfg = Release|Any CPU
		{F6A216F8-66D7-4D54-A069-2D18EEC988DF}.Release|Any CPU.Build.0 = Release|Any CPU
	EndGlobalSection
	GlobalSection(SolutionProperties) = preSolution
		HideSolutionNode = FALSE
	EndGlobalSection
	GlobalSection(ExtensibilityGlobals) = postSolution
		SolutionGuid = {595D38BC-4758-422E-B89F-53AE59D8FCE0}
	EndGlobalSection
EndGlobal
